
Microsoft Visual Studio Solution File, Format Version 12.00
# Visual Studio Version 16
VisualStudioVersion = 16.0.31729.503
MinimumVisualStudioVersion = 10.0.40219.1
Project("{FAE04EC0-301F-11D3-BF4B-00C04F79EFBC}") = "PhoneAppBackend.Api", "PhoneAppBackend.Api\PhoneAppBackend.Api.csproj", "{30E9EDF1-6578-4CA4-880A-30C83ADEC830}"
EndProject
Project("{FAE04EC0-301F-11D3-BF4B-00C04F79EFBC}") = "PhoneAppBackend.Core", "PhoneAppBackend.Core\PhoneAppBackend.Core.csproj", "{0AF2C467-B464-42F0-9887-5FA4E66CEA93}"
EndProject
Global
	GlobalSection(SolutionConfigurationPlatforms) = preSolution
		Debug|Any CPU = Debug|Any CPU
		Release|Any CPU = Release|Any CPU
	EndGlobalSection
	GlobalSection(ProjectConfigurationPlatforms) = postSolution
		{30E9EDF1-6578-4CA4-880A-30C83ADEC830}.Debug|Any CPU.ActiveCfg = Debug|Any CPU
		{30E9EDF1-6578-4CA4-880A-30C83ADEC830}.Debug|Any CPU.Build.0 = Debug|Any CPU
		{30E9EDF1-6578-4CA4-880A-30C83ADEC830}.Release|Any CPU.ActiveCfg = Release|Any CPU
		{30E9EDF1-6578-4CA4-880A-30C83ADEC830}.Release|Any CPU.Build.0 = Release|Any CPU
		{0AF2C467-B464-42F0-9887-5FA4E66CEA93}.Debug|Any CPU.ActiveCfg = Debug|Any CPU
		{0AF2C467-B464-42F0-9887-5FA4E66CEA93}.Debug|Any CPU.Build.0 = Debug|Any CPU
		{0AF2C467-B464-42F0-9887-5FA4E66CEA93}.Release|Any CPU.ActiveCfg = Release|Any CPU
		{0AF2C467-B464-42F0-9887-5FA4E66CEA93}.Release|Any CPU.Build.0 = Release|Any CPU
	EndGlobalSection
	GlobalSection(SolutionProperties) = preSolution
		HideSolutionNode = FALSE
	EndGlobalSection
	GlobalSection(ExtensibilityGlobals) = postSolution
		SolutionGuid = {1C654698-4CA5-4528-B818-E24864955341}
	EndGlobalSection
EndGlobal
